
Microsoft Visual Studio Solution File, Format Version 12.00
# Visual Studio 15
VisualStudioVersion = 15.0.27428.2037
MinimumVisualStudioVersion = 10.0.40219.1
Project("{8BC9CEB8-8B4A-11D0-8D11-00A0C91BC942}") = "CFunctionDetour", "CFunctionDetour\CFunctionDetour.vcxproj", "{9B0E19D2-654F-4A4E-AD29-C5347F440D6E}"
EndProject
Global
	GlobalSection(SolutionConfigurationPlatforms) = preSolution
		Debug|x64 = Debug|x64
		Debug|x86 = Debug|x86
		Release|x64 = Release|x64
		Release|x86 = Release|x86
	EndGlobalSection
	GlobalSection(ProjectConfigurationPlatforms) = postSolution
		{9B0E19D2-654F-4A4E-AD29-C5347F440D6E}.Debug|x64.ActiveCfg = Debug|x64
		{9B0E19D2-654F-4A4E-AD29-C5347F440D6E}.Debug|x64.Build.0 = Debug|x64
		{9B0E19D2-654F-4A4E-AD29-C5347F440D6E}.Debug|x86.ActiveCfg = Debug|Win32
		{9B0E19D2-654F-4A4E-AD29-C5347F440D6E}.Debug|x86.Build.0 = Debug|Win32
		{9B0E19D2-654F-4A4E-AD29-C5347F440D6E}.Release|x64.ActiveCfg = Release|x64
		{9B0E19D2-654F-4A4E-AD29-C5347F440D6E}.Release|x64.Build.0 = Release|x64
		{9B0E19D2-654F-4A4E-AD29-C5347F440D6E}.Release|x86.ActiveCfg = Release|Win32
		{9B0E19D2-654F-4A4E-AD29-C5347F440D6E}.Release|x86.Build.0 = Release|Win32
	EndGlobalSection
	GlobalSection(SolutionProperties) = preSolution
		HideSolutionNode = FALSE
	EndGlobalSection
	GlobalSection(ExtensibilityGlobals) = postSolution
		SolutionGuid = {D587143C-6A0B-44CD-B28B-1A8428F1551A}
	EndGlobalSection
EndGlobal
